
Microsoft Visual Studio Solution File, Format Version 12.00
# Visual Studio Version 16
VisualStudioVersion = 16.0.31605.320
MinimumVisualStudioVersion = 10.0.40219.1
Project("{FAE04EC0-301F-11D3-BF4B-00C04F79EFBC}") = "BrendasDayCare", "BrendasDayCare\BrendasDayCare.csproj", "{68ED4AE4-889B-4A17-B18A-B6D5493EC3A5}"
EndProject
Project("{FAE04EC0-301F-11D3-BF4B-00C04F79EFBC}") = "BrendasDayCare_Lib", "BrendasDayCare_Lib\BrendasDayCare_Lib.csproj", "{857E9134-9BC6-4532-8E42-D5F1ACA1575D}"
EndProject
Global
	GlobalSection(SolutionConfigurationPlatforms) = preSolution
		Debug|Any CPU = Debug|Any CPU
		Release|Any CPU = Release|Any CPU
	EndGlobalSection
	GlobalSection(ProjectConfigurationPlatforms) = postSolution
		{68ED4AE4-889B-4A17-B18A-B6D5493EC3A5}.Debug|Any CPU.ActiveCfg = Debug|Any CPU
		{68ED4AE4-889B-4A17-B18A-B6D5493EC3A5}.Debug|Any CPU.Build.0 = Debug|Any CPU
		{68ED4AE4-889B-4A17-B18A-B6D5493EC3A5}.Release|Any CPU.ActiveCfg = Release|Any CPU
		{68ED4AE4-889B-4A17-B18A-B6D5493EC3A5}.Release|Any CPU.Build.0 = Release|Any CPU
		{857E9134-9BC6-4532-8E42-D5F1ACA1575D}.Debug|Any CPU.ActiveCfg = Debug|Any CPU
		{857E9134-9BC6-4532-8E42-D5F1ACA1575D}.Debug|Any CPU.Build.0 = Debug|Any CPU
		{857E9134-9BC6-4532-8E42-D5F1ACA1575D}.Release|Any CPU.ActiveCfg = Release|Any CPU
		{857E9134-9BC6-4532-8E42-D5F1ACA1575D}.Release|Any CPU.Build.0 = Release|Any CPU
	EndGlobalSection
	GlobalSection(SolutionProperties) = preSolution
		HideSolutionNode = FALSE
	EndGlobalSection
	GlobalSection(ExtensibilityGlobals) = postSolution
		SolutionGuid = {934A68A4-7B02-4D92-B45B-FF6752D3EFF5}
	EndGlobalSection
EndGlobal
